
Microsoft Visual Studio Solution File, Format Version 12.00
# Visual Studio 15
VisualStudioVersion = 15.0.27703.2000
MinimumVisualStudioVersion = 10.0.40219.1
Project("{FAE04EC0-301F-11D3-BF4B-00C04F79EFBC}") = "GeneticCodeLibrary", "GeneticCodeLibrary\GeneticCodeLibrary.csproj", "{D5B5324E-0B2C-4D4D-89AB-7D275FCE35B5}"
EndProject
Project("{FAE04EC0-301F-11D3-BF4B-00C04F79EFBC}") = "GeneticCodeLibraryTests", "GeneticCodeLibraryTests\GeneticCodeLibraryTests.csproj", "{91B58043-302F-4EE0-890C-C40CBC0EFC6F}"
EndProject
Project("{FAE04EC0-301F-11D3-BF4B-00C04F79EFBC}") = "GeneticCodeWebApp", "GeneticCodeWebApp\GeneticCodeWebApp.csproj", "{CBB713C3-16F9-4322-8E4E-11B948666028}"
EndProject
Global
	GlobalSection(SolutionConfigurationPlatforms) = preSolution
		Debug|Any CPU = Debug|Any CPU
		Release|Any CPU = Release|Any CPU
	EndGlobalSection
	GlobalSection(ProjectConfigurationPlatforms) = postSolution
		{D5B5324E-0B2C-4D4D-89AB-7D275FCE35B5}.Debug|Any CPU.ActiveCfg = Debug|Any CPU
		{D5B5324E-0B2C-4D4D-89AB-7D275FCE35B5}.Debug|Any CPU.Build.0 = Debug|Any CPU
		{D5B5324E-0B2C-4D4D-89AB-7D275FCE35B5}.Release|Any CPU.ActiveCfg = Release|Any CPU
		{D5B5324E-0B2C-4D4D-89AB-7D275FCE35B5}.Release|Any CPU.Build.0 = Release|Any CPU
		{91B58043-302F-4EE0-890C-C40CBC0EFC6F}.Debug|Any CPU.ActiveCfg = Debug|Any CPU
		{91B58043-302F-4EE0-890C-C40CBC0EFC6F}.Debug|Any CPU.Build.0 = Debug|Any CPU
		{91B58043-302F-4EE0-890C-C40CBC0EFC6F}.Release|Any CPU.ActiveCfg = Release|Any CPU
		{91B58043-302F-4EE0-890C-C40CBC0EFC6F}.Release|Any CPU.Build.0 = Release|Any CPU
		{CBB713C3-16F9-4322-8E4E-11B948666028}.Debug|Any CPU.ActiveCfg = Debug|Any CPU
		{CBB713C3-16F9-4322-8E4E-11B948666028}.Debug|Any CPU.Build.0 = Debug|Any CPU
		{CBB713C3-16F9-4322-8E4E-11B948666028}.Release|Any CPU.ActiveCfg = Release|Any CPU
		{CBB713C3-16F9-4322-8E4E-11B948666028}.Release|Any CPU.Build.0 = Release|Any CPU
	EndGlobalSection
	GlobalSection(SolutionProperties) = preSolution
		HideSolutionNode = FALSE
	EndGlobalSection
	GlobalSection(ExtensibilityGlobals) = postSolution
		SolutionGuid = {73BC706C-2506-4C41-AE31-A0B4FE6BF8F0}
	EndGlobalSection
EndGlobal
